
Microsoft Visual Studio Solution File, Format Version 12.00
# Visual Studio Version 17
VisualStudioVersion = 17.13.35828.75
MinimumVisualStudioVersion = 10.0.40219.1
Project("{8BC9CEB8-8B4A-11D0-8D11-00A0C91BC942}") = "Warframe", "Warframe\Warframe.vcxproj", "{A792A5C0-4F76-47AA-B5C8-95BE5B1DAE18}"
	ProjectSection(ProjectDependencies) = postProject
		{AA1AFF49-5885-42FA-B4AA-A26B5CC07804} = {AA1AFF49-5885-42FA-B4AA-A26B5CC07804}
	EndProjectSection
EndProject
Project("{8BC9CEB8-8B4A-11D0-8D11-00A0C91BC942}") = "ImGUI", "ImGUI\ImGUI.vcxproj", "{AA1AFF49-5885-42FA-B4AA-A26B5CC07804}"
EndProject
Project("{54A90642-561A-4BB1-A94E-469ADEE60C69}") = "WarframeItems", "WarframeItems\WarframeItems.esproj", "{233C5C51-8C23-BEB4-0124-CC562D2B92AF}"
EndProject
Global
	GlobalSection(SolutionConfigurationPlatforms) = preSolution
		Debug|Any CPU = Debug|Any CPU
		Debug|x64 = Debug|x64
		Debug|x86 = Debug|x86
		Release|Any CPU = Release|Any CPU
		Release|x64 = Release|x64
		Release|x86 = Release|x86
	EndGlobalSection
	GlobalSection(ProjectConfigurationPlatforms) = postSolution
		{A792A5C0-4F76-47AA-B5C8-95BE5B1DAE18}.Debug|Any CPU.ActiveCfg = Debug|x64
		{A792A5C0-4F76-47AA-B5C8-95BE5B1DAE18}.Debug|Any CPU.Build.0 = Debug|x64
		{A792A5C0-4F76-47AA-B5C8-95BE5B1DAE18}.Debug|x64.ActiveCfg = Debug|x64
		{A792A5C0-4F76-47AA-B5C8-95BE5B1DAE18}.Debug|x64.Build.0 = Debug|x64
		{A792A5C0-4F76-47AA-B5C8-95BE5B1DAE18}.Debug|x86.ActiveCfg = Debug|Win32
		{A792A5C0-4F76-47AA-B5C8-95BE5B1DAE18}.Debug|x86.Build.0 = Debug|Win32
		{A792A5C0-4F76-47AA-B5C8-95BE5B1DAE18}.Release|Any CPU.ActiveCfg = Release|x64
		{A792A5C0-4F76-47AA-B5C8-95BE5B1DAE18}.Release|Any CPU.Build.0 = Release|x64
		{A792A5C0-4F76-47AA-B5C8-95BE5B1DAE18}.Release|x64.ActiveCfg = Release|x64
		{A792A5C0-4F76-47AA-B5C8-95BE5B1DAE18}.Release|x64.Build.0 = Release|x64
		{A792A5C0-4F76-47AA-B5C8-95BE5B1DAE18}.Release|x86.ActiveCfg = Release|Win32
		{A792A5C0-4F76-47AA-B5C8-95BE5B1DAE18}.Release|x86.Build.0 = Release|Win32
		{AA1AFF49-5885-42FA-B4AA-A26B5CC07804}.Debug|Any CPU.ActiveCfg = Debug|x64
		{AA1AFF49-5885-42FA-B4AA-A26B5CC07804}.Debug|Any CPU.Build.0 = Debug|x64
		{AA1AFF49-5885-42FA-B4AA-A26B5CC07804}.Debug|x64.ActiveCfg = Debug|x64
		{AA1AFF49-5885-42FA-B4AA-A26B5CC07804}.Debug|x64.Build.0 = Debug|x64
		{AA1AFF49-5885-42FA-B4AA-A26B5CC07804}.Debug|x86.ActiveCfg = Debug|Win32
		{AA1AFF49-5885-42FA-B4AA-A26B5CC07804}.Debug|x86.Build.0 = Debug|Win32
		{AA1AFF49-5885-42FA-B4AA-A26B5CC07804}.Release|Any CPU.ActiveCfg = Release|x64
		{AA1AFF49-5885-42FA-B4AA-A26B5CC07804}.Release|Any CPU.Build.0 = Release|x64
		{AA1AFF49-5885-42FA-B4AA-A26B5CC07804}.Release|x64.ActiveCfg = Release|x64
		{AA1AFF49-5885-42FA-B4AA-A26B5CC07804}.Release|x64.Build.0 = Release|x64
		{AA1AFF49-5885-42FA-B4AA-A26B5CC07804}.Release|x86.ActiveCfg = Release|Win32
		{AA1AFF49-5885-42FA-B4AA-A26B5CC07804}.Release|x86.Build.0 = Release|Win32
		{233C5C51-8C23-BEB4-0124-CC562D2B92AF}.Debug|Any CPU.ActiveCfg = Debug|Any CPU
		{233C5C51-8C23-BEB4-0124-CC562D2B92AF}.Debug|Any CPU.Build.0 = Debug|Any CPU
		{233C5C51-8C23-BEB4-0124-CC562D2B92AF}.Debug|Any CPU.Deploy.0 = Debug|Any CPU
		{233C5C51-8C23-BEB4-0124-CC562D2B92AF}.Debug|x64.ActiveCfg = Debug|Any CPU
		{233C5C51-8C23-BEB4-0124-CC562D2B92AF}.Debug|x64.Build.0 = Debug|Any CPU
		{233C5C51-8C23-BEB4-0124-CC562D2B92AF}.Debug|x86.ActiveCfg = Debug|Any CPU
		{233C5C51-8C23-BEB4-0124-CC562D2B92AF}.Debug|x86.Build.0 = Debug|Any CPU
		{233C5C51-8C23-BEB4-0124-CC562D2B92AF}.Debug|x86.Deploy.0 = Debug|Any CPU
		{233C5C51-8C23-BEB4-0124-CC562D2B92AF}.Release|Any CPU.ActiveCfg = Release|Any CPU
		{233C5C51-8C23-BEB4-0124-CC562D2B92AF}.Release|Any CPU.Build.0 = Release|Any CPU
		{233C5C51-8C23-BEB4-0124-CC562D2B92AF}.Release|Any CPU.Deploy.0 = Release|Any CPU
		{233C5C51-8C23-BEB4-0124-CC562D2B92AF}.Release|x64.ActiveCfg = Release|Any CPU
		{233C5C51-8C23-BEB4-0124-CC562D2B92AF}.Release|x64.Build.0 = Release|Any CPU
		{233C5C51-8C23-BEB4-0124-CC562D2B92AF}.Release|x64.Deploy.0 = Release|Any CPU
		{233C5C51-8C23-BEB4-0124-CC562D2B92AF}.Release|x86.ActiveCfg = Release|Any CPU
		{233C5C51-8C23-BEB4-0124-CC562D2B92AF}.Release|x86.Build.0 = Release|Any CPU
		{233C5C51-8C23-BEB4-0124-CC562D2B92AF}.Release|x86.Deploy.0 = Release|Any CPU
	EndGlobalSection
	GlobalSection(SolutionProperties) = preSolution
		HideSolutionNode = FALSE
	EndGlobalSection
	GlobalSection(ExtensibilityGlobals) = postSolution
		SolutionGuid = {0A59FE8A-DCB4-49BC-A0E7-28F6313DFC76}
	EndGlobalSection
EndGlobal
